
Microsoft Visual Studio Solution File, Format Version 12.00
# Visual Studio 15
VisualStudioVersion = 15.0.27703.2042
MinimumVisualStudioVersion = 10.0.40219.1
Project("{FAE04EC0-301F-11D3-BF4B-00C04F79EFBC}") = "Capstone_", "Capstone_\Capstone_.csproj", "{F213391C-405F-41E3-977A-3BB0DD52F0BE}"
EndProject
Project("{FAE04EC0-301F-11D3-BF4B-00C04F79EFBC}") = "Capstone_.Tests", "Capstone_.Tests\Capstone_.Tests.csproj", "{62CE5067-51B8-4E29-B60E-D11483693221}"
EndProject
Global
	GlobalSection(SolutionConfigurationPlatforms) = preSolution
		Debug|Any CPU = Debug|Any CPU
		Release|Any CPU = Release|Any CPU
	EndGlobalSection
	GlobalSection(ProjectConfigurationPlatforms) = postSolution
		{F213391C-405F-41E3-977A-3BB0DD52F0BE}.Debug|Any CPU.ActiveCfg = Debug|Any CPU
		{F213391C-405F-41E3-977A-3BB0DD52F0BE}.Debug|Any CPU.Build.0 = Debug|Any CPU
		{F213391C-405F-41E3-977A-3BB0DD52F0BE}.Release|Any CPU.ActiveCfg = Release|Any CPU
		{F213391C-405F-41E3-977A-3BB0DD52F0BE}.Release|Any CPU.Build.0 = Release|Any CPU
		{62CE5067-51B8-4E29-B60E-D11483693221}.Debug|Any CPU.ActiveCfg = Debug|Any CPU
		{62CE5067-51B8-4E29-B60E-D11483693221}.Debug|Any CPU.Build.0 = Debug|Any CPU
		{62CE5067-51B8-4E29-B60E-D11483693221}.Release|Any CPU.ActiveCfg = Release|Any CPU
		{62CE5067-51B8-4E29-B60E-D11483693221}.Release|Any CPU.Build.0 = Release|Any CPU
	EndGlobalSection
	GlobalSection(SolutionProperties) = preSolution
		HideSolutionNode = FALSE
	EndGlobalSection
	GlobalSection(ExtensibilityGlobals) = postSolution
		SolutionGuid = {E31FAFB6-6788-442D-A378-F441491D5BAC}
	EndGlobalSection
EndGlobal
